# @generated - this file is auto-generated by `mise lock` https://mise.jdx.dev/dev-tools/mise-lock.html

lockfile_version = 2

[[tools.cocogitto]]
version = "7.0.0"
backend = "aqua:cocogitto/cocogitto"
specifiers = ["latest"]

[tools.cocogitto."platforms.linux-arm64"]
checksum = "sha256:379949f50c4f8245ef9532913e83f351c048b55e40ebd52ed8a850642c07a753"
url = "https://github.com/cocogitto/cocogitto/releases/download/7.0.0/cocogitto-7.0.0-aarch64-unknown-linux-gnu.tar.gz"
url_api = "https://api.github.com/repos/cocogitto/cocogitto/releases/assets/366659384"

[tools.cocogitto."platforms.linux-x64"]
checksum = "sha256:e03938ff2c4c86d71c00c0f3284dbbe95c5ca76fe34a51f33e945c23010d59bb"
url = "https://github.com/cocogitto/cocogitto/releases/download/7.0.0/cocogitto-7.0.0-x86_64-unknown-linux-musl.tar.gz"
url_api = "https://api.github.com/repos/cocogitto/cocogitto/releases/assets/366659350"

[tools.cocogitto."platforms.macos-arm64"]
checksum = "sha256:429303b6d68c6461aa221ab4de82b26d0bbcdee7127947ea9c7c411ab9bc574c"
url = "https://github.com/cocogitto/cocogitto/releases/download/7.0.0/cocogitto-7.0.0-aarch64-apple-darwin.tar.gz"
url_api = "https://api.github.com/repos/cocogitto/cocogitto/releases/assets/366659431"

[tools.cocogitto."platforms.macos-x64"]
checksum = "sha256:591dcd462e2e35ecc21caf41a15a65d464b7ce1ce8a5c299fa0d46a7798dddb0"
url = "https://github.com/cocogitto/cocogitto/releases/download/7.0.0/cocogitto-7.0.0-x86_64-apple-darwin.tar.gz"
url_api = "https://api.github.com/repos/cocogitto/cocogitto/releases/assets/366659418"

[[tools."github:RobertDeRose/mdbook-mermaid"]]
version = "1.2.0"
backend = "github:RobertDeRose/mdbook-mermaid"
specifiers = ["1.2.0"]

[tools."github:RobertDeRose/mdbook-mermaid"."platforms.linux-arm64"]
checksum = "sha256:5a70758945b5c440b2e7a48c54cf27d735a61340bfdb550a488303e9a77812da"
url = "https://github.com/RobertDeRose/mdbook-mermaid/releases/download/v1.2.0/mdbook-mermaid-v1.2.0-aarch64-unknown-linux-musl.tar.gz"
url_api = "https://api.github.com/repos/RobertDeRose/mdbook-mermaid/releases/assets/465452537"

[tools."github:RobertDeRose/mdbook-mermaid"."platforms.linux-x64"]
checksum = "sha256:ac18c42836892e8b78d0816e085c27a06be118e07a94f03156221b58aa081eab"
url = "https://github.com/RobertDeRose/mdbook-mermaid/releases/download/v1.2.0/mdbook-mermaid-v1.2.0-x86_64-unknown-linux-gnu.tar.gz"
url_api = "https://api.github.com/repos/RobertDeRose/mdbook-mermaid/releases/assets/465452542"

[tools."github:RobertDeRose/mdbook-mermaid"."platforms.macos-arm64"]
checksum = "sha256:e42fd040151f30c2f9e8955ddc5899e3470119848add591c75b31a67d32d5223"
url = "https://github.com/RobertDeRose/mdbook-mermaid/releases/download/v1.2.0/mdbook-mermaid-v1.2.0-aarch64-apple-darwin.tar.gz"
url_api = "https://api.github.com/repos/RobertDeRose/mdbook-mermaid/releases/assets/465452541"

[[tools."github:joshrotenberg/mdbook-lint"]]
version = "0.16.2"
backend = "github:joshrotenberg/mdbook-lint"
specifiers = ["0.16.2"]

[tools."github:joshrotenberg/mdbook-lint"."platforms.linux-arm64"]
checksum = "sha256:8a2a7fdea0333dd337352b75e72868213d56764fffd2e1dfc8031f37a7f858f3"
url = "https://github.com/joshrotenberg/mdbook-lint/releases/download/v0.16.2/mdbook-lint-aarch64-unknown-linux-gnu.tar.xz"
url_api = "https://api.github.com/repos/joshrotenberg/mdbook-lint/releases/assets/599532166"

[tools."github:joshrotenberg/mdbook-lint"."platforms.linux-x64"]
checksum = "sha256:c7c4422db2f5c2177309c520bb4a55835ff4d9bc15c1485198b3e1dacc3e2faa"
url = "https://github.com/joshrotenberg/mdbook-lint/releases/download/v0.16.2/mdbook-lint-x86_64-unknown-linux-gnu.tar.xz"
url_api = "https://api.github.com/repos/joshrotenberg/mdbook-lint/releases/assets/599532194"

[tools."github:joshrotenberg/mdbook-lint"."platforms.macos-arm64"]
checksum = "sha256:ceaa123bcb26079c92a69728a5bbac3a8bec86cb1c919b63a60f83ff2d2dcbf7"
url = "https://github.com/joshrotenberg/mdbook-lint/releases/download/v0.16.2/mdbook-lint-aarch64-apple-darwin.tar.xz"
url_api = "https://api.github.com/repos/joshrotenberg/mdbook-lint/releases/assets/599532161"

[[tools."github:rust-lang/mdbook"]]
version = "0.5.2"
backend = "github:rust-lang/mdbook"
specifiers = ["0.5.2"]

[tools."github:rust-lang/mdbook"."platforms.linux-arm64"]
checksum = "sha256:fb229bfdc68dd6c93692e64c502a67a8d3d2fc35c37c61fc72768843e6476add"
url = "https://github.com/rust-lang/mdBook/releases/download/v0.5.2/mdbook-v0.5.2-aarch64-unknown-linux-musl.tar.gz"
url_api = "https://api.github.com/repos/rust-lang/mdBook/releases/assets/327544966"

[tools."github:rust-lang/mdbook"."platforms.linux-x64"]
checksum = "sha256:084e4342ba564db270108763e404a7d1f309d932651a22484e93c0dc1a071f6d"
url = "https://github.com/rust-lang/mdBook/releases/download/v0.5.2/mdbook-v0.5.2-x86_64-unknown-linux-gnu.tar.gz"
url_api = "https://api.github.com/repos/rust-lang/mdBook/releases/assets/327544800"

[tools."github:rust-lang/mdbook"."platforms.macos-arm64"]
checksum = "sha256:da2f55653e96e3f6e1c53e2e13e91cc0cfbce8ab971c2e0de792c0f1f8d24222"
url = "https://github.com/rust-lang/mdBook/releases/download/v0.5.2/mdbook-v0.5.2-aarch64-apple-darwin.tar.gz"
url_api = "https://api.github.com/repos/rust-lang/mdBook/releases/assets/327545125"

[[tools.go]]
version = "1.27.1"
backend = "core:go"
specifiers = ["1.27.1"]

[tools.go."platforms.linux-arm64"]
checksum = "sha256:3450b45a3f9ee8568792736a5c5e70a1f2e9b36c35a8f74958c03e51d7d92bec"
url = "https://dl.google.com/go/go1.27.1.linux-arm64.tar.gz"

[tools.go."platforms.linux-x64"]
checksum = "sha256:63d339f0da5ab53635a56f2490a7984dfe12dfcff22ad749f63edaf590168445"
url = "https://dl.google.com/go/go1.27.1.linux-amd64.tar.gz"

[tools.go."platforms.macos-arm64"]
checksum = "sha256:ee215d57e0ec269c60cc9ceca68e6bda321ba9ee5afe24f4b0988703c2d87d12"
url = "https://dl.google.com/go/go1.27.1.darwin-arm64.tar.gz"

[[tools.goreleaser]]
version = "2.18.2"
backend = "aqua:goreleaser/goreleaser"
specifiers = ["2.18.2"]

[tools.goreleaser."platforms.linux-arm64"]
checksum = "sha256:a71681b29194f08f057a68cfcaa5c6b15d907a83a2622c51900c4faff828f322"
url = "https://github.com/goreleaser/goreleaser/releases/download/v2.18.2/goreleaser_Linux_arm64.tar.gz"
url_api = "https://api.github.com/repos/goreleaser/goreleaser/releases/assets/569382435"
provenance = "github-attestations"

[tools.goreleaser."platforms.linux-x64"]
checksum = "sha256:0a96edc9d9bc594e4a41cc4d59467c182062910ab24d9d1f6dd7b667d32606d3"
url = "https://github.com/goreleaser/goreleaser/releases/download/v2.18.2/goreleaser_Linux_x86_64.tar.gz"
url_api = "https://api.github.com/repos/goreleaser/goreleaser/releases/assets/569382334"
provenance = "github-attestations"

[tools.goreleaser."platforms.macos-arm64"]
checksum = "sha256:4bfd26942aa0f78e275cad3e49144a7c5ce2e8a34f7d0e9d34c718125766ba12"
url = "https://github.com/goreleaser/goreleaser/releases/download/v2.18.2/goreleaser_Darwin_all.tar.gz"
url_api = "https://api.github.com/repos/goreleaser/goreleaser/releases/assets/569382437"
provenance = "github-attestations"

[[tools.harper-cli]]
version = "2.12.0"
backend = "aqua:Automattic/harper/harper-cli"
specifiers = ["latest"]

[tools.harper-cli."platforms.linux-arm64"]
checksum = "sha256:7c7e081374d294dcdc102ddad7b8cbebcae4aad4d6b2642b1df2f3b0349ada2e"
url = "https://github.com/Automattic/harper/releases/download/v2.12.0/harper-cli-aarch64-unknown-linux-gnu.tar.gz"
url_api = "https://api.github.com/repos/Automattic/harper/releases/assets/603955684"

[tools.harper-cli."platforms.linux-x64"]
checksum = "sha256:b97d2b72e4b6c9b70499b22696c7a21209035497585f72b0ef12967c92e35089"
url = "https://github.com/Automattic/harper/releases/download/v2.12.0/harper-cli-x86_64-unknown-linux-gnu.tar.gz"
url_api = "https://api.github.com/repos/Automattic/harper/releases/assets/604099101"

[tools.harper-cli."platforms.macos-arm64"]
checksum = "sha256:b9563057df65ca8ad0f34117ed8a2072996dec4cbe8c22ff223cf49497516a86"
url = "https://github.com/Automattic/harper/releases/download/v2.12.0/harper-cli-aarch64-apple-darwin.tar.gz"
url_api = "https://api.github.com/repos/Automattic/harper/releases/assets/604099030"

[[tools.hk]]
version = "2.4.0"
backend = "aqua:jdx/hk"
specifiers = ["latest"]

[tools.hk."platforms.linux-arm64"]
checksum = "sha256:836235bd8aa06f25e7ff28591b32efb5297abe55366e912095636a49ffe4d363"
url = "https://github.com/jdx/hk/releases/download/v2.4.0/hk-aarch64-unknown-linux-gnu.tar.gz"
url_api = "https://api.github.com/repos/jdx/hk/releases/assets/594327179"
signer = "sigstore-oidc:https://github.com/jdx/hk/.github/workflows/release.yml"

[tools.hk."platforms.linux-x64"]
checksum = "sha256:6efabe30aeabc4611a42ce6cf0fd46b9a19478e2cfd9acfd1bd93998736f3153"
url = "https://github.com/jdx/hk/releases/download/v2.4.0/hk-x86_64-unknown-linux-gnu.tar.gz"
url_api = "https://api.github.com/repos/jdx/hk/releases/assets/594327200"
signer = "sigstore-oidc:https://github.com/jdx/hk/.github/workflows/release.yml"

[tools.hk."platforms.macos-arm64"]
checksum = "sha256:6e1c970b9de7ab4ee52c85869b2ea9cfe8769d25a0fe9536062e0ba62366ec59"
url = "https://github.com/jdx/hk/releases/download/v2.4.0/hk-aarch64-apple-darwin.tar.gz"
url_api = "https://api.github.com/repos/jdx/hk/releases/assets/594327181"
signer = "sigstore-oidc:https://github.com/jdx/hk/.github/workflows/release.yml"

[[tools.node]]
version = "24.21.0"
backend = "core:node"
specifiers = ["lts"]

[tools.node."platforms.linux-arm64"]
checksum = "sha256:724282c3b43aec998aa9527380465b45d229e021b58035f5f4f63095eabfe5d5"
url = "https://nodejs.org/dist/v24.21.0/node-v24.21.0-linux-arm64.tar.gz"

[tools.node."platforms.linux-x64"]
checksum = "sha256:6e1db87ef58b8819e5d5402eff1536491b18edd8eb7bee5ef7897876e88dc5ff"
url = "https://nodejs.org/dist/v24.21.0/node-v24.21.0-linux-x64.tar.gz"

[tools.node."platforms.macos-arm64"]
checksum = "sha256:bed7eea5325e1108f32ce5228ddd6a5f0f08a499ee42aa7442aea583702f6057"
url = "https://nodejs.org/dist/v24.21.0/node-v24.21.0-darwin-arm64.tar.gz"

[[tools."npm:@commitlint/cli"]]
version = "21.2.3"
aube = { path = ".mise/locks/npm-commitlint-cli/21.2.3", digest = "sha256:7649878a4ad6dc7c20208c324f65d673efc2c7b955f02489f36d70808e668cae" }
backend = "npm:@commitlint/cli"
specifiers = ["21.2.3"]

[[tools."npm:@contextlint/cli"]]
version = "1.1.1"
aube = { path = ".mise/locks/npm-contextlint-cli/1.1.1~091f4966", digest = "sha256:d190a21ac9bf385a777aafe01ea54d43270bb9ec5defab6f5a5390d784a35c53" }
backend = "npm:@contextlint/cli"
specifiers = ["latest"]

[tools."npm:@contextlint/cli".options]
aube_args = "--allow-low-downloads"

[[tools."npm:markdown-table-formatter"]]
version = "1.7.0"
aube = { path = ".mise/locks/npm-markdown-table-formatter/1.7.0", digest = "sha256:8de66b2900cbd855899535fcf13a54af3ab9becf9c6b68c001d5c29dcad3ce8e" }
backend = "npm:markdown-table-formatter"
specifiers = ["latest"]

[[tools.pkl]]
version = "0.32.1"
backend = "aqua:apple/pkl"
specifiers = ["0.32"]

[tools.pkl."platforms.linux-arm64"]
checksum = "sha256:a76d2dd47da435a8f911b0347373f47c7e59ea54fb75ff846d20b8df10dba058"
url = "https://github.com/apple/pkl/releases/download/0.32.1/pkl-linux-aarch64"
url_api = "https://api.github.com/repos/apple/pkl/releases/assets/487426568"

[tools.pkl."platforms.linux-x64"]
checksum = "sha256:3180b62da95c0cad1d904e9bb6c5f4a8f9032413c21e53194bb91ff1ee5f3211"
url = "https://github.com/apple/pkl/releases/download/0.32.1/pkl-linux-amd64"
url_api = "https://api.github.com/repos/apple/pkl/releases/assets/487426567"

[tools.pkl."platforms.macos-arm64"]
checksum = "sha256:563eb51c9a20b16a3625464ed745c675ed9750381f2126722696a0d7cac1d9d3"
url = "https://github.com/apple/pkl/releases/download/0.32.1/pkl-macos-aarch64"
url_api = "https://api.github.com/repos/apple/pkl/releases/assets/487426570"

[[tools.rumdl]]
version = "0.2.78"
backend = "aqua:rvben/rumdl"
specifiers = ["latest"]

[tools.rumdl."platforms.linux-arm64"]
checksum = "sha256:16e518695868a650ad0f584f60f225e65e63ffb71b46aba2428c365c7225d262"
url = "https://github.com/rvben/rumdl/releases/download/v0.2.78/rumdl-v0.2.78-aarch64-unknown-linux-gnu.tar.gz"
url_api = "https://api.github.com/repos/rvben/rumdl/releases/assets/598548742"
provenance = "github-attestations"

[tools.rumdl."platforms.linux-x64"]
checksum = "sha256:5597ecab62c6cd50e63f85451fe4e763abc58195a3e7eff9186b6dfae890ca24"
url = "https://github.com/rvben/rumdl/releases/download/v0.2.78/rumdl-v0.2.78-x86_64-unknown-linux-gnu.tar.gz"
url_api = "https://api.github.com/repos/rvben/rumdl/releases/assets/598548740"
provenance = "github-attestations"

[tools.rumdl."platforms.macos-arm64"]
checksum = "sha256:450f00cdbf1da3bc3fbdf56c52dc9e6b2ab08bfd1ee6a26b44848e52a180dba5"
url = "https://github.com/rvben/rumdl/releases/download/v0.2.78/rumdl-v0.2.78-aarch64-apple-darwin.tar.gz"
url_api = "https://api.github.com/repos/rvben/rumdl/releases/assets/598548745"
provenance = "github-attestations"

[[tools.typos]]
version = "1.50.3"
backend = "aqua:crate-ci/typos"
specifiers = ["latest"]

[tools.typos."platforms.linux-arm64"]
checksum = "sha256:456f9fe7aa6e7c1597879f5e951d7de2fab261a9ca05f16f324f896c806c55db"
url = "https://github.com/crate-ci/typos/releases/download/v1.50.3/typos-v1.50.3-aarch64-unknown-linux-musl.tar.gz"
url_api = "https://api.github.com/repos/crate-ci/typos/releases/assets/588999780"

[tools.typos."platforms.linux-x64"]
checksum = "sha256:aca6b5d546307092b8d0a8e0a89dd80f9da51f2f7617c5e45c5607c1684ffbf2"
url = "https://github.com/crate-ci/typos/releases/download/v1.50.3/typos-v1.50.3-x86_64-unknown-linux-musl.tar.gz"
url_api = "https://api.github.com/repos/crate-ci/typos/releases/assets/589000924"

[tools.typos."platforms.macos-arm64"]
checksum = "sha256:844d4121fb47a95604aa5566843bb9e3d6078040b3c8f22367709f563038f2c5"
url = "https://github.com/crate-ci/typos/releases/download/v1.50.3/typos-v1.50.3-aarch64-apple-darwin.tar.gz"
url_api = "https://api.github.com/repos/crate-ci/typos/releases/assets/589002568"

[[tools.uv]]
version = "0.12.23"
backend = "aqua:astral-sh/uv"
specifiers = ["latest"]

[tools.uv."platforms.linux-arm64"]
checksum = "sha256:6524bd338177ed50d035d39354e12545e993bbeba2ecbddf0480c5b3a81d313f"
url = "https://github.com/astral-sh/uv/releases/download/0.12.23/uv-aarch64-unknown-linux-gnu.tar.gz"
url_api = "https://api.github.com/repos/astral-sh/uv/releases/assets/608232491"
provenance = "github-attestations"

[tools.uv."platforms.linux-x64"]
checksum = "sha256:9167d72b3319674b6303c4cbe071854bba13ebdf3d76b1a7cbdc175471fb66d6"
url = "https://github.com/astral-sh/uv/releases/download/0.12.23/uv-x86_64-unknown-linux-gnu.tar.gz"
url_api = "https://api.github.com/repos/astral-sh/uv/releases/assets/608232628"
provenance = "github-attestations"

[tools.uv."platforms.macos-arm64"]
checksum = "sha256:50487ae565ccd96e499056b4674d438f4c53170202617b4c759defe0c6a1b544"
url = "https://github.com/astral-sh/uv/releases/download/0.12.23/uv-aarch64-apple-darwin.tar.gz"
url_api = "https://api.github.com/repos/astral-sh/uv/releases/assets/608232483"
provenance = "github-attestations"
