# @generated - this file is auto-generated by `mise lock` https://mise.jdx.dev/dev-tools/mise-lock.html

lockfile_version = 2

[[tools.elixir]]
version = "1.19.5-otp-28"
backend = "core:elixir"
specifiers = ["1.19.5-otp-28"]

[tools.elixir."platforms.linux-arm64"]
checksum = "sha256:ca481510feb6dabc875bba43e44b25c7abafa53bd7a103639851b7aeace8a022"
url = "https://builds.hex.pm/builds/elixir/v1.19.5-otp-28.zip"

[tools.elixir."platforms.linux-x64"]
checksum = "sha256:ca481510feb6dabc875bba43e44b25c7abafa53bd7a103639851b7aeace8a022"
url = "https://builds.hex.pm/builds/elixir/v1.19.5-otp-28.zip"

[tools.elixir."platforms.macos-arm64"]
checksum = "blake3:84a5a93b3af2a8edfe794a6728ed5f3ce6b2dc48b588a8b1d56fdb6fb6502f32"
url = "https://builds.hex.pm/builds/elixir/v1.19.5-otp-28.zip"

[[tools.erlang]]
version = "28.5"
backend = "core:erlang"
specifiers = ["28.5"]

[tools.erlang."platforms.macos-arm64"]
checksum = "sha256:f365335cf6c705b52557f4d3a4c4058e2e689a0e58d822160688d0cc8a736b92"
url = "https://github.com/erlef/otp_builds/releases/download/OTP-28.5/otp-aarch64-apple-darwin.tar.gz"

[[tools.erlang]]
version = "28.5"
backend = "core:erlang"

[tools.erlang.options]
precompiled_os = "ubuntu-24.04"

[tools.erlang."platforms.linux-arm64"]
checksum = "sha256:78069d75d6075bddf88e79d6d0f833a3f8d50ba98c404b33d154ee1d3ceaebd8"
url = "https://builds.hex.pm/builds/otp/arm64/ubuntu-24.04/OTP-28.5.tar.gz"

[tools.erlang."platforms.linux-x64"]
checksum = "sha256:dc8038a4a8e7a1107e0c959eaeef421d8960f7a70a19d045cac3e04f67d41a81"
url = "https://builds.hex.pm/builds/otp/amd64/ubuntu-24.04/OTP-28.5.tar.gz"
